
Microsoft Visual Studio Solution File, Format Version 12.00
# Visual Studio Version 17
VisualStudioVersion = 17.0.32014.148
MinimumVisualStudioVersion = 10.0.40219.1
Project("{2150E333-8FDC-42A3-9474-1A3956D46DE8}") = "Solution Items", "Solution Items", "{24523F00-8BB9-41D3-8FCB-AE56110144CC}"
	ProjectSection(SolutionItems) = preProject
		.gitignore = .gitignore
		LICENSE = LICENSE
		README.md = README.md
	EndProjectSection
EndProject
Project("{2150E333-8FDC-42A3-9474-1A3956D46DE8}") = "src", "src", "{F261C2A3-D554-49B6-9489-EB75D5C53CFC}"
EndProject
Project("{2150E333-8FDC-42A3-9474-1A3956D46DE8}") = "test", "test", "{14620954-E05F-49F0-B2F8-6F8CA99BC64D}"
EndProject
Project("{9A19103F-16F7-4668-BE54-9A1E7A4F7556}") = "MrJB.MS.Consumer1", "src\MrJB.MS.Consumer1\MrJB.MS.Consumer1.csproj", "{B14BE0AE-CD31-4BDC-9BCF-8337444CFEFD}"
EndProject
Project("{9A19103F-16F7-4668-BE54-9A1E7A4F7556}") = "MrJB.MS.Consumer2", "src\MrJB.MS.Consumer2\MrJB.MS.Consumer2.csproj", "{2AC6B755-2E17-4908-A4E2-6B56471455A6}"
EndProject
Project("{9A19103F-16F7-4668-BE54-9A1E7A4F7556}") = "MrJB.MS.Consumer3", "src\MrJB.MS.Consumer3\MrJB.MS.Consumer3.csproj", "{96C97D62-DDBA-4EF8-863E-F1CEAB62E831}"
EndProject
Project("{9A19103F-16F7-4668-BE54-9A1E7A4F7556}") = "MrJB.MS.Common", "src\MrJB.MS.Common\MrJB.MS.Common.csproj", "{156CF9D3-073D-403C-B762-9BFC4E0C7D50}"
EndProject
Project("{9A19103F-16F7-4668-BE54-9A1E7A4F7556}") = "MrJB.MS.Api", "src\MrJB.MS.Api\MrJB.MS.Api.csproj", "{2FDC0C2D-E4A1-4AD9-8E8D-881BAB78712A}"
EndProject
Project("{2150E333-8FDC-42A3-9474-1A3956D46DE8}") = "common", "common", "{C160CFC7-E0BD-4288-8D3B-581A445600B5}"
EndProject
Project("{FAE04EC0-301F-11D3-BF4B-00C04F79EFBC}") = "MrJB.MS.Common.Tests", "test\MrJB.MS.Common.Tests\MrJB.MS.Common.Tests.csproj", "{7139EE12-BBB0-40CB-8CDA-F38CF3D8D7DF}"
EndProject
Global
	GlobalSection(SolutionConfigurationPlatforms) = preSolution
		Debug|Any CPU = Debug|Any CPU
		Release|Any CPU = Release|Any CPU
	EndGlobalSection
	GlobalSection(ProjectConfigurationPlatforms) = postSolution
		{B14BE0AE-CD31-4BDC-9BCF-8337444CFEFD}.Debug|Any CPU.ActiveCfg = Debug|Any CPU
		{B14BE0AE-CD31-4BDC-9BCF-8337444CFEFD}.Debug|Any CPU.Build.0 = Debug|Any CPU
		{B14BE0AE-CD31-4BDC-9BCF-8337444CFEFD}.Release|Any CPU.ActiveCfg = Release|Any CPU
		{B14BE0AE-CD31-4BDC-9BCF-8337444CFEFD}.Release|Any CPU.Build.0 = Release|Any CPU
		{2AC6B755-2E17-4908-A4E2-6B56471455A6}.Debug|Any CPU.ActiveCfg = Debug|Any CPU
		{2AC6B755-2E17-4908-A4E2-6B56471455A6}.Debug|Any CPU.Build.0 = Debug|Any CPU
		{2AC6B755-2E17-4908-A4E2-6B56471455A6}.Release|Any CPU.ActiveCfg = Release|Any CPU
		{2AC6B755-2E17-4908-A4E2-6B56471455A6}.Release|Any CPU.Build.0 = Release|Any CPU
		{96C97D62-DDBA-4EF8-863E-F1CEAB62E831}.Debug|Any CPU.ActiveCfg = Debug|Any CPU
		{96C97D62-DDBA-4EF8-863E-F1CEAB62E831}.Debug|Any CPU.Build.0 = Debug|Any CPU
		{96C97D62-DDBA-4EF8-863E-F1CEAB62E831}.Release|Any CPU.ActiveCfg = Release|Any CPU
		{96C97D62-DDBA-4EF8-863E-F1CEAB62E831}.Release|Any CPU.Build.0 = Release|Any CPU
		{156CF9D3-073D-403C-B762-9BFC4E0C7D50}.Debug|Any CPU.ActiveCfg = Debug|Any CPU
		{156CF9D3-073D-403C-B762-9BFC4E0C7D50}.Debug|Any CPU.Build.0 = Debug|Any CPU
		{156CF9D3-073D-403C-B762-9BFC4E0C7D50}.Release|Any CPU.ActiveCfg = Release|Any CPU
		{156CF9D3-073D-403C-B762-9BFC4E0C7D50}.Release|Any CPU.Build.0 = Release|Any CPU
		{2FDC0C2D-E4A1-4AD9-8E8D-881BAB78712A}.Debug|Any CPU.ActiveCfg = Debug|Any CPU
		{2FDC0C2D-E4A1-4AD9-8E8D-881BAB78712A}.Debug|Any CPU.Build.0 = Debug|Any CPU
		{2FDC0C2D-E4A1-4AD9-8E8D-881BAB78712A}.Release|Any CPU.ActiveCfg = Release|Any CPU
		{2FDC0C2D-E4A1-4AD9-8E8D-881BAB78712A}.Release|Any CPU.Build.0 = Release|Any CPU
		{7139EE12-BBB0-40CB-8CDA-F38CF3D8D7DF}.Debug|Any CPU.ActiveCfg = Debug|Any CPU
		{7139EE12-BBB0-40CB-8CDA-F38CF3D8D7DF}.Debug|Any CPU.Build.0 = Debug|Any CPU
		{7139EE12-BBB0-40CB-8CDA-F38CF3D8D7DF}.Release|Any CPU.ActiveCfg = Release|Any CPU
		{7139EE12-BBB0-40CB-8CDA-F38CF3D8D7DF}.Release|Any CPU.Build.0 = Release|Any CPU
	EndGlobalSection
	GlobalSection(SolutionProperties) = preSolution
		HideSolutionNode = FALSE
	EndGlobalSection
	GlobalSection(NestedProjects) = preSolution
		{B14BE0AE-CD31-4BDC-9BCF-8337444CFEFD} = {F261C2A3-D554-49B6-9489-EB75D5C53CFC}
		{2AC6B755-2E17-4908-A4E2-6B56471455A6} = {F261C2A3-D554-49B6-9489-EB75D5C53CFC}
		{96C97D62-DDBA-4EF8-863E-F1CEAB62E831} = {F261C2A3-D554-49B6-9489-EB75D5C53CFC}
		{156CF9D3-073D-403C-B762-9BFC4E0C7D50} = {C160CFC7-E0BD-4288-8D3B-581A445600B5}
		{2FDC0C2D-E4A1-4AD9-8E8D-881BAB78712A} = {F261C2A3-D554-49B6-9489-EB75D5C53CFC}
		{C160CFC7-E0BD-4288-8D3B-581A445600B5} = {F261C2A3-D554-49B6-9489-EB75D5C53CFC}
		{7139EE12-BBB0-40CB-8CDA-F38CF3D8D7DF} = {14620954-E05F-49F0-B2F8-6F8CA99BC64D}
	EndGlobalSection
	GlobalSection(ExtensibilityGlobals) = postSolution
		SolutionGuid = {339867D4-9CB0-48BB-A74D-C8CDBC29A5C6}
	EndGlobalSection
EndGlobal
